// !$*UTF8*$!
{
	archiveVersion = 1;
	classes = {
	};
	objectVersion = 56;
	objects = {

/* Begin PBXBuildFile section */
		E43A51BB296150AE0006E301 /* MyMapApp.swift in Sources */ = {isa = PBXBuildFile; fileRef = E43A51BA296150AE0006E301 /* MyMapApp.swift */; };
		E43A51BD296150AE0006E301 /* ContentView.swift in Sources */ = {isa = PBXBuildFile; fileRef = E43A51BC296150AE0006E301 /* ContentView.swift */; };
		E43A51BF296150B00006E301 /* Assets.xcassets in Resources */ = {isa = PBXBuildFile; fileRef = E43A51BE296150B00006E301 /* Assets.xcassets */; };
		E43A51C3296150B00006E301 /* Preview Assets.xcassets in Resources */ = {isa = PBXBuildFile; fileRef = E43A51C2296150B00006E301 /* Preview Assets.xcassets */; };
		E43A51CD296150B00006E301 /* MyMapTests.swift in Sources */ = {isa = PBXBuildFile; fileRef = E43A51CC296150B00006E301 /* MyMapTests.swift */; };
		E43A51D7296150B00006E301 /* MyMapUITests.swift in Sources */ = {isa = PBXBuildFile; fileRef = E43A51D6296150B00006E301 /* MyMapUITests.swift */; };
		E43A51D9296150B00006E301 /* MyMapUITestsLaunchTests.swift in Sources */ = {isa = PBXBuildFile; fileRef = E43A51D8296150B00006E301 /* MyMapUITestsLaunchTests.swift */; };
		E43A51E6296150D90006E301 /* MapView.swift in Sources */ = {isa = PBXBuildFile; fileRef = E43A51E5296150D90006E301 /* MapView.swift */; };
/* End PBXBuildFile section */

/* Begin PBXContainerItemProxy section */
		E43A51C9296150B00006E301 /* PBXContainerItemProxy */ = {
			isa = PBXContainerItemProxy;
			containerPortal = E43A51AF296150AE0006E301 /* Project object */;
			proxyType = 1;
			remoteGlobalIDString = E43A51B6296150AE0006E301;
			remoteInfo = MyMap;
		};
		E43A51D3296150B00006E301 /* PBXContainerItemProxy */ = {
			isa = PBXContainerItemProxy;
			containerPortal = E43A51AF296150AE0006E301 /* Project object */;
			proxyType = 1;
			remoteGlobalIDString = E43A51B6296150AE0006E301;
			remoteInfo = MyMap;
		};
/* End PBXContainerItemProxy section */

/* Begin PBXFileReference section */
		E43A51B7296150AE0006E301 /* MyMap.app */ = {isa = PBXFileReference; explicitFileType = wrapper.application; includeInIndex = 0; path = MyMap.app; sourceTree = BUILT_PRODUCTS_DIR; };
		E43A51BA296150AE0006E301 /* MyMapApp.swift */ = {isa = PBXFileReference; lastKnownFileType = sourcecode.swift; path = MyMapApp.swift; sourceTree = "<group>"; };
		E43A51BC296150AE0006E301 /* ContentView.swift */ = {isa = PBXFileReference; lastKnownFileType = sourcecode.swift; path = ContentView.swift; sourceTree = "<group>"; };
		E43A51BE296150B00006E301 /* Assets.xcassets */ = {isa = PBXFileReference; lastKnownFileType = folder.assetcatalog; path = Assets.xcassets; sourceTree = "<group>"; };
		E43A51C0296150B00006E301 /* MyMap.entitlements */ = {isa = PBXFileReference; lastKnownFileType = text.plist.entitlements; path = MyMap.entitlements; sourceTree = "<group>"; };
		E43A51C2296150B00006E301 /* Preview Assets.xcassets */ = {isa = PBXFileReference; lastKnownFileType = folder.assetcatalog; path = "Preview Assets.xcassets"; sourceTree = "<group>"; };
		E43A51C8296150B00006E301 /* MyMapTests.xctest */ = {isa = PBXFileReference; explicitFileType = wrapper.cfbundle; includeInIndex = 0; path = MyMapTests.xctest; sourceTree = BUILT_PRODUCTS_DIR; };
		E43A51CC296150B00006E301 /* MyMapTests.swift */ = {isa = PBXFileReference; lastKnownFileType = sourcecode.swift; path = MyMapTests.swift; sourceTree = "<group>"; };
		E43A51D2296150B00006E301 /* MyMapUITests.xctest */ = {isa = PBXFileReference; explicitFileType = wrapper.cfbundle; includeInIndex = 0; path = MyMapUITests.xctest; sourceTree = BUILT_PRODUCTS_DIR; };
		E43A51D6296150B00006E301 /* MyMapUITests.swift */ = {isa = PBXFileReference; lastKnownFileType = sourcecode.swift; path = MyMapUITests.swift; sourceTree = "<group>"; };
		E43A51D8296150B00006E301 /* MyMapUITestsLaunchTests.swift */ = {isa = PBXFileReference; lastKnownFileType = sourcecode.swift; path = MyMapUITestsLaunchTests.swift; sourceTree = "<group>"; };
		E43A51E5296150D90006E301 /* MapView.swift */ = {isa = PBXFileReference; lastKnownFileType = sourcecode.swift; path = MapView.swift; sourceTree = "<group>"; };
/* End PBXFileReference section */

/* Begin PBXFrameworksBuildPhase section */
		E43A51B4296150AE0006E301 /* Frameworks */ = {
			isa = PBXFrameworksBuildPhase;
			buildActionMask = 2147483647;
			files = (
			);
			runOnlyForDeploymentPostprocessing = 0;
		};
		E43A51C5296150B00006E301 /* Frameworks */ = {
			isa = PBXFrameworksBuildPhase;
			buildActionMask = 2147483647;
			files = (
			);
			runOnlyForDeploymentPostprocessing = 0;
		};
		E43A51CF296150B00006E301 /* Frameworks */ = {
			isa = PBXFrameworksBuildPhase;
			buildActionMask = 2147483647;
			files = (
			);
			runOnlyForDeploymentPostprocessing = 0;
		};
/* End PBXFrameworksBuildPhase section */

/* Begin PBXGroup section */
		E43A51AE296150AE0006E301 = {
			isa = PBXGroup;
			children = (
				E43A51B9296150AE0006E301 /* MyMap */,
				E43A51CB296150B00006E301 /* MyMapTests */,
				E43A51D5296150B00006E301 /* MyMapUITests */,
				E43A51B8296150AE0006E301 /* Products */,
			);
			sourceTree = "<group>";
		};
		E43A51B8296150AE0006E301 /* Products */ = {
			isa = PBXGroup;
			children = (
				E43A51B7296150AE0006E301 /* MyMap.app */,
				E43A51C8296150B00006E301 /* MyMapTests.xctest */,
				E43A51D2296150B00006E301 /* MyMapUITests.xctest */,
			);
			name = Products;
			sourceTree = "<group>";
		};
		E43A51B9296150AE0006E301 /* MyMap */ = {
			isa = PBXGroup;
			children = (
				E43A51BA296150AE0006E301 /* MyMapApp.swift */,
				E43A51BC296150AE0006E301 /* ContentView.swift */,
				E43A51E5296150D90006E301 /* MapView.swift */,
				E43A51BE296150B00006E301 /* Assets.xcassets */,
				E43A51C0296150B00006E301 /* MyMap.entitlements */,
				E43A51C1296150B00006E301 /* Preview Content */,
			);
			path = MyMap;
			sourceTree = "<group>";
		};
		E43A51C1296150B00006E301 /* Preview Content */ = {
			isa = PBXGroup;
			children = (
				E43A51C2296150B00006E301 /* Preview Assets.xcassets */,
			);
			path = "Preview Content";
			sourceTree = "<group>";
		};
		E43A51CB296150B00006E301 /* MyMapTests */ = {
			isa = PBXGroup;
			children = (
				E43A51CC296150B00006E301 /* MyMapTests.swift */,
			);
			path = MyMapTests;
			sourceTree = "<group>";
		};
		E43A51D5296150B00006E301 /* MyMapUITests */ = {
			isa = PBXGroup;
			children = (
				E43A51D6296150B00006E301 /* MyMapUITests.swift */,
				E43A51D8296150B00006E301 /* MyMapUITestsLaunchTests.swift */,
			);
			path = MyMapUITests;
			sourceTree = "<group>";
		};
/* End PBXGroup section */

/* Begin PBXNativeTarget section */
		E43A51B6296150AE0006E301 /* MyMap */ = {
			isa = PBXNativeTarget;
			buildConfigurationList = E43A51DC296150B00006E301 /* Build configuration list for PBXNativeTarget "MyMap" */;
			buildPhases = (
				E43A51B3296150AE0006E301 /* Sources */,
				E43A51B4296150AE0006E301 /* Frameworks */,
				E43A51B5296150AE0006E301 /* Resources */,
			);
			buildRules = (
			);
			dependencies = (
			);
			name = MyMap;
			productName = MyMap;
			productReference = E43A51B7296150AE0006E301 /* MyMap.app */;
			productType = "com.apple.product-type.application";
		};
		E43A51C7296150B00006E301 /* MyMapTests */ = {
			isa = PBXNativeTarget;
			buildConfigurationList = E43A51DF296150B00006E301 /* Build configuration list for PBXNativeTarget "MyMapTests" */;
			buildPhases = (
				E43A51C4296150B00006E301 /* Sources */,
				E43A51C5296150B00006E301 /* Frameworks */,
				E43A51C6296150B00006E301 /* Resources */,
			);
			buildRules = (
			);
			dependencies = (
				E43A51CA296150B00006E301 /* PBXTargetDependency */,
			);
			name = MyMapTests;
			productName = MyMapTests;
			productReference = E43A51C8296150B00006E301 /* MyMapTests.xctest */;
			productType = "com.apple.product-type.bundle.unit-test";
		};
		E43A51D1296150B00006E301 /* MyMapUITests */ = {
			isa = PBXNativeTarget;
			buildConfigurationList = E43A51E2296150B00006E301 /* Build configuration list for PBXNativeTarget "MyMapUITests" */;
			buildPhases = (
				E43A51CE296150B00006E301 /* Sources */,
				E43A51CF296150B00006E301 /* Frameworks */,
				E43A51D0296150B00006E301 /* Resources */,
			);
			buildRules = (
			);
			dependencies = (
				E43A51D4296150B00006E301 /* PBXTargetDependency */,
			);
			name = MyMapUITests;
			productName = MyMapUITests;
			productReference = E43A51D2296150B00006E301 /* MyMapUITests.xctest */;
			productType = "com.apple.product-type.bundle.ui-testing";
		};
/* End PBXNativeTarget section */

/* Begin PBXProject section */
		E43A51AF296150AE0006E301 /* Project object */ = {
			isa = PBXProject;
			attributes = {
				BuildIndependentTargetsInParallel = 1;
				LastSwiftUpdateCheck = 1420;
				LastUpgradeCheck = 1420;
				TargetAttributes = {
					E43A51B6296150AE0006E301 = {
						CreatedOnToolsVersion = 14.2;
					};
					E43A51C7296150B00006E301 = {
						CreatedOnToolsVersion = 14.2;
						TestTargetID = E43A51B6296150AE0006E301;
					};
					E43A51D1296150B00006E301 = {
						CreatedOnToolsVersion = 14.2;
						TestTargetID = E43A51B6296150AE0006E301;
					};
				};
			};
			buildConfigurationList = E43A51B2296150AE0006E301 /* Build configuration list for PBXProject "MyMap" */;
			compatibilityVersion = "Xcode 14.0";
			developmentRegion = en;
			hasScannedForEncodings = 0;
			knownRegions = (
				en,
				Base,
			);
			mainGroup = E43A51AE296150AE0006E301;
			productRefGroup = E43A51B8296150AE0006E301 /* Products */;
			projectDirPath = "";
			projectRoot = "";
			targets = (
				E43A51B6296150AE0006E301 /* MyMap */,
				E43A51C7296150B00006E301 /* MyMapTests */,
				E43A51D1296150B00006E301 /* MyMapUITests */,
			);
		};
/* End PBXProject section */

/* Begin PBXResourcesBuildPhase section */
		E43A51B5296150AE0006E301 /* Resources */ = {
			isa = PBXResourcesBuildPhase;
			buildActionMask = 2147483647;
			files = (
				E43A51C3296150B00006E301 /* Preview Assets.xcassets in Resources */,
				E43A51BF296150B00006E301 /* Assets.xcassets in Resources */,
			);
			runOnlyForDeploymentPostprocessing = 0;
		};
		E43A51C6296150B00006E301 /* Resources */ = {
			isa = PBXResourcesBuildPhase;
			buildActionMask = 2147483647;
			files = (
			);
			runOnlyForDeploymentPostprocessing = 0;
		};
		E43A51D0296150B00006E301 /* Resources */ = {
			isa = PBXResourcesBuildPhase;
			buildActionMask = 2147483647;
			files = (
			);
			runOnlyForDeploymentPostprocessing = 0;
		};
/* End PBXResourcesBuildPhase section */

/* Begin PBXSourcesBuildPhase section */
		E43A51B3296150AE0006E301 /* Sources */ = {
			isa = PBXSourcesBuildPhase;
			buildActionMask = 2147483647;
			files = (
				E43A51BD296150AE0006E301 /* ContentView.swift in Sources */,
				E43A51E6296150D90006E301 /* MapView.swift in Sources */,
				E43A51BB296150AE0006E301 /* MyMapApp.swift in Sources */,
			);
			runOnlyForDeploymentPostprocessing = 0;
		};
		E43A51C4296150B00006E301 /* Sources */ = {
			isa = PBXSourcesBuildPhase;
			buildActionMask = 2147483647;
			files = (
				E43A51CD296150B00006E301 /* MyMapTests.swift in Sources */,
			);
			runOnlyForDeploymentPostprocessing = 0;
		};
		E43A51CE296150B00006E301 /* Sources */ = {
			isa = PBXSourcesBuildPhase;
			buildActionMask = 2147483647;
			files = (
				E43A51D7296150B00006E301 /* MyMapUITests.swift in Sources */,
				E43A51D9296150B00006E301 /* MyMapUITestsLaunchTests.swift in Sources */,
			);
			runOnlyForDeploymentPostprocessing = 0;
		};
/* End PBXSourcesBuildPhase section */

/* Begin PBXTargetDependency section */
		E43A51CA296150B00006E301 /* PBXTargetDependency */ = {
			isa = PBXTargetDependency;
			target = E43A51B6296150AE0006E301 /* MyMap */;
			targetProxy = E43A51C9296150B00006E301 /* PBXContainerItemProxy */;
		};
		E43A51D4296150B00006E301 /* PBXTargetDependency */ = {
			isa = PBXTargetDependency;
			target = E43A51B6296150AE0006E301 /* MyMap */;
			targetProxy = E43A51D3296150B00006E301 /* PBXContainerItemProxy */;
		};
/* End PBXTargetDependency section */

/* Begin XCBuildConfiguration section */
		E43A51DA296150B00006E301 /* Debug */ = {
			isa = XCBuildConfiguration;
			buildSettings = {
				ALWAYS_SEARCH_USER_PATHS = NO;
				CLANG_ANALYZER_NONNULL = YES;
				CLANG_ANALYZER_NUMBER_OBJECT_CONVERSION = YES_AGGRESSIVE;
				CLANG_CXX_LANGUAGE_STANDARD = "gnu++20";
				CLANG_ENABLE_MODULES = YES;
				CLANG_ENABLE_OBJC_ARC = YES;
				CLANG_ENABLE_OBJC_WEAK = YES;
				CLANG_WARN_BLOCK_CAPTURE_AUTORELEASING = YES;
				CLANG_WARN_BOOL_CONVERSION = YES;
				CLANG_WARN_COMMA = YES;
				CLANG_WARN_CONSTANT_CONVERSION = YES;
				CLANG_WARN_DEPRECATED_OBJC_IMPLEMENTATIONS = YES;
				CLANG_WARN_DIRECT_OBJC_ISA_USAGE = YES_ERROR;
				CLANG_WARN_DOCUMENTATION_COMMENTS = YES;
				CLANG_WARN_EMPTY_BODY = YES;
				CLANG_WARN_ENUM_CONVERSION = YES;
				CLANG_WARN_INFINITE_RECURSION = YES;
				CLANG_WARN_INT_CONVERSION = YES;
				CLANG_WARN_NON_LITERAL_NULL_CONVERSION = YES;
				CLANG_WARN_OBJC_IMPLICIT_RETAIN_SELF = YES;
				CLANG_WARN_OBJC_LITERAL_CONVERSION = YES;
				CLANG_WARN_OBJC_ROOT_CLASS = YES_ERROR;
				CLANG_WARN_QUOTED_INCLUDE_IN_FRAMEWORK_HEADER = YES;
				CLANG_WARN_RANGE_LOOP_ANALYSIS = YES;
				CLANG_WARN_STRICT_PROTOTYPES = YES;
				CLANG_WARN_SUSPICIOUS_MOVE = YES;
				CLANG_WARN_UNGUARDED_AVAILABILITY = YES_AGGRESSIVE;
				CLANG_WARN_UNREACHABLE_CODE = YES;
				CLANG_WARN__DUPLICATE_METHOD_MATCH = YES;
				COPY_PHASE_STRIP = NO;
				DEBUG_INFORMATION_FORMAT = dwarf;
				ENABLE_STRICT_OBJC_MSGSEND = YES;
				ENABLE_TESTABILITY = YES;
				GCC_C_LANGUAGE_STANDARD = gnu11;
				GCC_DYNAMIC_NO_PIC = NO;
				GCC_NO_COMMON_BLOCKS = YES;
				GCC_OPTIMIZATION_LEVEL = 0;
				GCC_PREPROCESSOR_DEFINITIONS = (
					"DEBUG=1",
					"$(inherited)",
				);
				GCC_WARN_64_TO_32_BIT_CONVERSION = YES;
				GCC_WARN_ABOUT_RETURN_TYPE = YES_ERROR;
				GCC_WARN_UNDECLARED_SELECTOR = YES;
				GCC_WARN_UNINITIALIZED_AUTOS = YES_AGGRESSIVE;
				GCC_WARN_UNUSED_FUNCTION = YES;
				GCC_WARN_UNUSED_VARIABLE = YES;
				MTL_ENABLE_DEBUG_INFO = INCLUDE_SOURCE;
				MTL_FAST_MATH = YES;
				ONLY_ACTIVE_ARCH = YES;
				SWIFT_ACTIVE_COMPILATION_CONDITIONS = DEBUG;
				SWIFT_OPTIMIZATION_LEVEL = "-Onone";
			};
			name = Debug;
		};
		E43A51DB296150B00006E301 /* Release */ = {
			isa = XCBuildConfiguration;
			buildSettings = {
				ALWAYS_SEARCH_USER_PATHS = NO;
				CLANG_ANALYZER_NONNULL = YES;
				CLANG_ANALYZER_NUMBER_OBJECT_CONVERSION = YES_AGGRESSIVE;
				CLANG_CXX_LANGUAGE_STANDARD = "gnu++20";
				CLANG_ENABLE_MODULES = YES;
				CLANG_ENABLE_OBJC_ARC = YES;
				CLANG_ENABLE_OBJC_WEAK = YES;
				CLANG_WARN_BLOCK_CAPTURE_AUTORELEASING = YES;
				CLANG_WARN_BOOL_CONVERSION = YES;
				CLANG_WARN_COMMA = YES;
				CLANG_WARN_CONSTANT_CONVERSION = YES;
				CLANG_WARN_DEPRECATED_OBJC_IMPLEMENTATIONS = YES;
				CLANG_WARN_DIRECT_OBJC_ISA_USAGE = YES_ERROR;
				CLANG_WARN_DOCUMENTATION_COMMENTS = YES;
				CLANG_WARN_EMPTY_BODY = YES;
				CLANG_WARN_ENUM_CONVERSION = YES;
				CLANG_WARN_INFINITE_RECURSION = YES;
				CLANG_WARN_INT_CONVERSION = YES;
				CLANG_WARN_NON_LITERAL_NULL_CONVERSION = YES;
				CLANG_WARN_OBJC_IMPLICIT_RETAIN_SELF = YES;
				CLANG_WARN_OBJC_LITERAL_CONVERSION = YES;
				CLANG_WARN_OBJC_ROOT_CLASS = YES_ERROR;
				CLANG_WARN_QUOTED_INCLUDE_IN_FRAMEWORK_HEADER = YES;
				CLANG_WARN_RANGE_LOOP_ANALYSIS = YES;
				CLANG_WARN_STRICT_PROTOTYPES = YES;
				CLANG_WARN_SUSPICIOUS_MOVE = YES;
				CLANG_WARN_UNGUARDED_AVAILABILITY = YES_AGGRESSIVE;
				CLANG_WARN_UNREACHABLE_CODE = YES;
				CLANG_WARN__DUPLICATE_METHOD_MATCH = YES;
				COPY_PHASE_STRIP = NO;
				DEBUG_INFORMATION_FORMAT = "dwarf-with-dsym";
				ENABLE_NS_ASSERTIONS = NO;
				ENABLE_STRICT_OBJC_MSGSEND = YES;
				GCC_C_LANGUAGE_STANDARD = gnu11;
				GCC_NO_COMMON_BLOCKS = YES;
				GCC_WARN_64_TO_32_BIT_CONVERSION = YES;
				GCC_WARN_ABOUT_RETURN_TYPE = YES_ERROR;
				GCC_WARN_UNDECLARED_SELECTOR = YES;
				GCC_WARN_UNINITIALIZED_AUTOS = YES_AGGRESSIVE;
				GCC_WARN_UNUSED_FUNCTION = YES;
				GCC_WARN_UNUSED_VARIABLE = YES;
				MTL_ENABLE_DEBUG_INFO = NO;
				MTL_FAST_MATH = YES;
				SWIFT_COMPILATION_MODE = wholemodule;
				SWIFT_OPTIMIZATION_LEVEL = "-O";
			};
			name = Release;
		};
		E43A51DD296150B00006E301 /* Debug */ = {
			isa = XCBuildConfiguration;
			buildSettings = {
				ASSETCATALOG_COMPILER_APPICON_NAME = AppIcon;
				ASSETCATALOG_COMPILER_GLOBAL_ACCENT_COLOR_NAME = AccentColor;
				CODE_SIGN_ENTITLEMENTS = MyMap/MyMap.entitlements;
				CODE_SIGN_STYLE = Automatic;
				CURRENT_PROJECT_VERSION = 1;
				DEVELOPMENT_ASSET_PATHS = "\"MyMap/Preview Content\"";
				DEVELOPMENT_TEAM = GGY93288SX;
				ENABLE_HARDENED_RUNTIME = YES;
				ENABLE_PREVIEWS = YES;
				GENERATE_INFOPLIST_FILE = YES;
				"INFOPLIST_KEY_UIApplicationSceneManifest_Generation[sdk=iphoneos*]" = YES;
				"INFOPLIST_KEY_UIApplicationSceneManifest_Generation[sdk=iphonesimulator*]" = YES;
				"INFOPLIST_KEY_UIApplicationSupportsIndirectInputEvents[sdk=iphoneos*]" = YES;
				"INFOPLIST_KEY_UIApplicationSupportsIndirectInputEvents[sdk=iphonesimulator*]" = YES;
				"INFOPLIST_KEY_UILaunchScreen_Generation[sdk=iphoneos*]" = YES;
				"INFOPLIST_KEY_UILaunchScreen_Generation[sdk=iphonesimulator*]" = YES;
				"INFOPLIST_KEY_UIStatusBarStyle[sdk=iphoneos*]" = UIStatusBarStyleDefault;
				"INFOPLIST_KEY_UIStatusBarStyle[sdk=iphonesimulator*]" = UIStatusBarStyleDefault;
				INFOPLIST_KEY_UISupportedInterfaceOrientations_iPad = "UIInterfaceOrientationPortrait UIInterfaceOrientationPortraitUpsideDown UIInterfaceOrientationLandscapeLeft UIInterfaceOrientationLandscapeRight";
				INFOPLIST_KEY_UISupportedInterfaceOrientations_iPhone = "UIInterfaceOrientationPortrait UIInterfaceOrientationLandscapeLeft UIInterfaceOrientationLandscapeRight";
				IPHONEOS_DEPLOYMENT_TARGET = 16.2;
				LD_RUNPATH_SEARCH_PATHS = "@executable_path/Frameworks";
				"LD_RUNPATH_SEARCH_PATHS[sdk=macosx*]" = "@executable_path/../Frameworks";
				MACOSX_DEPLOYMENT_TARGET = 13.1;
				MARKETING_VERSION = 1.0;
				PRODUCT_BUNDLE_IDENTIFIER = com.kazuhideizawa.MyMap;
				PRODUCT_NAME = "$(TARGET_NAME)";
				SDKROOT = auto;
				SUPPORTED_PLATFORMS = "iphoneos iphonesimulator macosx";
				SWIFT_EMIT_LOC_STRINGS = YES;
				SWIFT_VERSION = 5.0;
				TARGETED_DEVICE_FAMILY = "1,2";
			};
			name = Debug;
		};
		E43A51DE296150B00006E301 /* Release */ = {
			isa = XCBuildConfiguration;
			buildSettings = {
				ASSETCATALOG_COMPILER_APPICON_NAME = AppIcon;
				ASSETCATALOG_COMPILER_GLOBAL_ACCENT_COLOR_NAME = AccentColor;
				CODE_SIGN_ENTITLEMENTS = MyMap/MyMap.entitlements;
				CODE_SIGN_STYLE = Automatic;
				CURRENT_PROJECT_VERSION = 1;
				DEVELOPMENT_ASSET_PATHS = "\"MyMap/Preview Content\"";
				DEVELOPMENT_TEAM = GGY93288SX;
				ENABLE_HARDENED_RUNTIME = YES;
				ENABLE_PREVIEWS = YES;
				GENERATE_INFOPLIST_FILE = YES;
				"INFOPLIST_KEY_UIApplicationSceneManifest_Generation[sdk=iphoneos*]" = YES;
				"INFOPLIST_KEY_UIApplicationSceneManifest_Generation[sdk=iphonesimulator*]" = YES;
				"INFOPLIST_KEY_UIApplicationSupportsIndirectInputEvents[sdk=iphoneos*]" = YES;
				"INFOPLIST_KEY_UIApplicationSupportsIndirectInputEvents[sdk=iphonesimulator*]" = YES;
				"INFOPLIST_KEY_UILaunchScreen_Generation[sdk=iphoneos*]" = YES;
				"INFOPLIST_KEY_UILaunchScreen_Generation[sdk=iphonesimulator*]" = YES;
				"INFOPLIST_KEY_UIStatusBarStyle[sdk=iphoneos*]" = UIStatusBarStyleDefault;
				"INFOPLIST_KEY_UIStatusBarStyle[sdk=iphonesimulator*]" = UIStatusBarStyleDefault;
				INFOPLIST_KEY_UISupportedInterfaceOrientations_iPad = "UIInterfaceOrientationPortrait UIInterfaceOrientationPortraitUpsideDown UIInterfaceOrientationLandscapeLeft UIInterfaceOrientationLandscapeRight";
				INFOPLIST_KEY_UISupportedInterfaceOrientations_iPhone = "UIInterfaceOrientationPortrait UIInterfaceOrientationLandscapeLeft UIInterfaceOrientationLandscapeRight";
				IPHONEOS_DEPLOYMENT_TARGET = 16.2;
				LD_RUNPATH_SEARCH_PATHS = "@executable_path/Frameworks";
				"LD_RUNPATH_SEARCH_PATHS[sdk=macosx*]" = "@executable_path/../Frameworks";
				MACOSX_DEPLOYMENT_TARGET = 13.1;
				MARKETING_VERSION = 1.0;
				PRODUCT_BUNDLE_IDENTIFIER = com.kazuhideizawa.MyMap;
				PRODUCT_NAME = "$(TARGET_NAME)";
				SDKROOT = auto;
				SUPPORTED_PLATFORMS = "iphoneos iphonesimulator macosx";
				SWIFT_EMIT_LOC_STRINGS = YES;
				SWIFT_VERSION = 5.0;
				TARGETED_DEVICE_FAMILY = "1,2";
			};
			name = Release;
		};
		E43A51E0296150B00006E301 /* Debug */ = {
			isa = XCBuildConfiguration;
			buildSettings = {
				ALWAYS_EMBED_SWIFT_STANDARD_LIBRARIES = YES;
				BUNDLE_LOADER = "$(TEST_HOST)";
				CODE_SIGN_STYLE = Automatic;
				CURRENT_PROJECT_VERSION = 1;
				DEVELOPMENT_TEAM = GGY93288SX;
				GENERATE_INFOPLIST_FILE = YES;
				IPHONEOS_DEPLOYMENT_TARGET = 16.2;
				MACOSX_DEPLOYMENT_TARGET = 13.1;
				MARKETING_VERSION = 1.0;
				PRODUCT_BUNDLE_IDENTIFIER = com.kazuhideizawa.MyMapTests;
				PRODUCT_NAME = "$(TARGET_NAME)";
				SDKROOT = auto;
				SUPPORTED_PLATFORMS = "iphoneos iphonesimulator macosx";
				SWIFT_EMIT_LOC_STRINGS = NO;
				SWIFT_VERSION = 5.0;
				TARGETED_DEVICE_FAMILY = "1,2";
				TEST_HOST = "$(BUILT_PRODUCTS_DIR)/MyMap.app/$(BUNDLE_EXECUTABLE_FOLDER_PATH)/MyMap";
			};
			name = Debug;
		};
		E43A51E1296150B00006E301 /* Release */ = {
			isa = XCBuildConfiguration;
			buildSettings = {
				ALWAYS_EMBED_SWIFT_STANDARD_LIBRARIES = YES;
				BUNDLE_LOADER = "$(TEST_HOST)";
				CODE_SIGN_STYLE = Automatic;
				CURRENT_PROJECT_VERSION = 1;
				DEVELOPMENT_TEAM = GGY93288SX;
				GENERATE_INFOPLIST_FILE = YES;
				IPHONEOS_DEPLOYMENT_TARGET = 16.2;
				MACOSX_DEPLOYMENT_TARGET = 13.1;
				MARKETING_VERSION = 1.0;
				PRODUCT_BUNDLE_IDENTIFIER = com.kazuhideizawa.MyMapTests;
				PRODUCT_NAME = "$(TARGET_NAME)";
				SDKROOT = auto;
				SUPPORTED_PLATFORMS = "iphoneos iphonesimulator macosx";
				SWIFT_EMIT_LOC_STRINGS = NO;
				SWIFT_VERSION = 5.0;
				TARGETED_DEVICE_FAMILY = "1,2";
				TEST_HOST = "$(BUILT_PRODUCTS_DIR)/MyMap.app/$(BUNDLE_EXECUTABLE_FOLDER_PATH)/MyMap";
			};
			name = Release;
		};
		E43A51E3296150B00006E301 /* Debug */ = {
			isa = XCBuildConfiguration;
			buildSettings = {
				ALWAYS_EMBED_SWIFT_STANDARD_LIBRARIES = YES;
				CODE_SIGN_STYLE = Automatic;
				CURRENT_PROJECT_VERSION = 1;
				DEVELOPMENT_TEAM = GGY93288SX;
				GENERATE_INFOPLIST_FILE = YES;
				IPHONEOS_DEPLOYMENT_TARGET = 16.2;
				MACOSX_DEPLOYMENT_TARGET = 13.1;
				MARKETING_VERSION = 1.0;
				PRODUCT_BUNDLE_IDENTIFIER = com.kazuhideizawa.MyMapUITests;
				PRODUCT_NAME = "$(TARGET_NAME)";
				SDKROOT = auto;
				SUPPORTED_PLATFORMS = "iphoneos iphonesimulator macosx";
				SWIFT_EMIT_LOC_STRINGS = NO;
				SWIFT_VERSION = 5.0;
				TARGETED_DEVICE_FAMILY = "1,2";
				TEST_TARGET_NAME = MyMap;
			};
			name = Debug;
		};
		E43A51E4296150B00006E301 /* Release */ = {
			isa = XCBuildConfiguration;
			buildSettings = {
				ALWAYS_EMBED_SWIFT_STANDARD_LIBRARIES = YES;
				CODE_SIGN_STYLE = Automatic;
				CURRENT_PROJECT_VERSION = 1;
				DEVELOPMENT_TEAM = GGY93288SX;
				GENERATE_INFOPLIST_FILE = YES;
				IPHONEOS_DEPLOYMENT_TARGET = 16.2;
				MACOSX_DEPLOYMENT_TARGET = 13.1;
				MARKETING_VERSION = 1.0;
				PRODUCT_BUNDLE_IDENTIFIER = com.kazuhideizawa.MyMapUITests;
				PRODUCT_NAME = "$(TARGET_NAME)";
				SDKROOT = auto;
				SUPPORTED_PLATFORMS = "iphoneos iphonesimulator macosx";
				SWIFT_EMIT_LOC_STRINGS = NO;
				SWIFT_VERSION = 5.0;
				TARGETED_DEVICE_FAMILY = "1,2";
				TEST_TARGET_NAME = MyMap;
			};
			name = Release;
		};
/* End XCBuildConfiguration section */

/* Begin XCConfigurationList section */
		E43A51B2296150AE0006E301 /* Build configuration list for PBXProject "MyMap" */ = {
			isa = XCConfigurationList;
			buildConfigurations = (
				E43A51DA296150B00006E301 /* Debug */,
				E43A51DB296150B00006E301 /* Release */,
			);
			defaultConfigurationIsVisible = 0;
			defaultConfigurationName = Release;
		};
		E43A51DC296150B00006E301 /* Build configuration list for PBXNativeTarget "MyMap" */ = {
			isa = XCConfigurationList;
			buildConfigurations = (
				E43A51DD296150B00006E301 /* Debug */,
				E43A51DE296150B00006E301 /* Release */,
			);
			defaultConfigurationIsVisible = 0;
			defaultConfigurationName = Release;
		};
		E43A51DF296150B00006E301 /* Build configuration list for PBXNativeTarget "MyMapTests" */ = {
			isa = XCConfigurationList;
			buildConfigurations = (
				E43A51E0296150B00006E301 /* Debug */,
				E43A51E1296150B00006E301 /* Release */,
			);
			defaultConfigurationIsVisible = 0;
			defaultConfigurationName = Release;
		};
		E43A51E2296150B00006E301 /* Build configuration list for PBXNativeTarget "MyMapUITests" */ = {
			isa = XCConfigurationList;
			buildConfigurations = (
				E43A51E3296150B00006E301 /* Debug */,
				E43A51E4296150B00006E301 /* Release */,
			);
			defaultConfigurationIsVisible = 0;
			defaultConfigurationName = Release;
		};
/* End XCConfigurationList section */
	};
	rootObject = E43A51AF296150AE0006E301 /* Project object */;
}
